{
  "version": 4,
  "terraform_version": "1.10.5",
  "serial": 10,
  "lineage": "1f5ebe08-b3ba-89ef-3b2d-0f98e5f41ca5",
  "outputs": {},
  "resources": [
    {
      "mode": "data",
      "type": "azurerm_client_config",
      "name": "current",
      "provider": "provider[\"registry.terraform.io/hashicorp/azurerm\"]",
      "instances": [
        {
          "schema_version": 0,
          "attributes": {
            "client_id": "04b07795-8ddb-461a-bbee-02f9e1bf7b46",
            "id": "Y2xpZW50Q29uZmlncy9jbGllbnRJZD0wNGIwNzc5NS04ZGRiLTQ2MWEtYmJlZS0wMmY5ZTFiZjdiNDY7b2JqZWN0SWQ9Yjk4M2M3ZmItNzViNi00ZDg4LTg0MzMtYzE1M2Y2M2RkYjIxO3N1YnNjcmlwdGlvbklkPTRlZDgxMjFiLTBiZjAtNDE5YS1hODg1LWIwMzQ3ZjQ5MDliMTt0ZW5hbnRJZD1jMjJjYzNlMS01ZDdmLTRmNGQtYmUwMy1kNWExNThjYzk0MDk=",
            "object_id": "b983c7fb-75b6-4d88-8433-c153f63ddb21",
            "subscription_id": "4ed8121b-0bf0-419a-a885-b0347f4909b1",
            "tenant_id": "c22cc3e1-5d7f-4f4d-be03-d5a158cc9409",
            "timeouts": null
          },
          "sensitive_attributes": []
        }
      ]
    },
    {
      "mode": "data",
      "type": "azurerm_subnet",
      "name": "sql_subnet",
      "provider": "provider[\"registry.terraform.io/hashicorp/azurerm\"]",
      "instances": [
        {
          "schema_version": 0,
          "attributes": {
            "address_prefix": "10.13.1.0/24",
            "address_prefixes": [
              "10.13.1.0/24"
            ],
            "default_outbound_access_enabled": true,
            "id": "/subscriptions/4ed8121b-0bf0-419a-a885-b0347f4909b1/resourceGroups/pipeline-test/providers/Microsoft.Network/virtualNetworks/vnet01/subnets/subnet_1",
            "name": "subnet_1",
            "network_security_group_id": "",
            "private_endpoint_network_policies": "Disabled",
            "private_link_service_network_policies_enabled": true,
            "resource_group_name": "pipeline-test",
            "route_table_id": "",
            "service_endpoints": [],
            "timeouts": null,
            "virtual_network_name": "vnet01"
          },
          "sensitive_attributes": []
        }
      ]
    },
    {
      "module": "module.naming",
      "mode": "managed",
      "type": "random_string",
      "name": "first_letter",
      "provider": "provider[\"registry.terraform.io/hashicorp/random\"]",
      "instances": [
        {
          "schema_version": 2,
          "attributes": {
            "id": "m",
            "keepers": null,
            "length": 1,
            "lower": true,
            "min_lower": 0,
            "min_numeric": 0,
            "min_special": 0,
            "min_upper": 0,
            "number": false,
            "numeric": false,
            "override_special": null,
            "result": "m",
            "special": false,
            "upper": false
          },
          "sensitive_attributes": []
        }
      ]
    },
    {
      "module": "module.naming",
      "mode": "managed",
      "type": "random_string",
      "name": "main",
      "provider": "provider[\"registry.terraform.io/hashicorp/random\"]",
      "instances": [
        {
          "schema_version": 2,
          "attributes": {
            "id": "9wwod0gacun3ksmavnx4m5i9njpk8361katgsmlmwjju3za593rsc01g7ddw",
            "keepers": null,
            "length": 60,
            "lower": true,
            "min_lower": 0,
            "min_numeric": 0,
            "min_special": 0,
            "min_upper": 0,
            "number": true,
            "numeric": true,
            "override_special": null,
            "result": "9wwod0gacun3ksmavnx4m5i9njpk8361katgsmlmwjju3za593rsc01g7ddw",
            "special": false,
            "upper": false
          },
          "sensitive_attributes": []
        }
      ]
    },
    {
      "module": "module.sql",
      "mode": "data",
      "type": "azurerm_client_config",
      "name": "current",
      "provider": "module.sql.provider[\"registry.terraform.io/hashicorp/azurerm\"]",
      "instances": [
        {
          "schema_version": 0,
          "attributes": {
            "client_id": "04b07795-8ddb-461a-bbee-02f9e1bf7b46",
            "id": "Y2xpZW50Q29uZmlncy9jbGllbnRJZD0wNGIwNzc5NS04ZGRiLTQ2MWEtYmJlZS0wMmY5ZTFiZjdiNDY7b2JqZWN0SWQ9Yjk4M2M3ZmItNzViNi00ZDg4LTg0MzMtYzE1M2Y2M2RkYjIxO3N1YnNjcmlwdGlvbklkPTRlZDgxMjFiLTBiZjAtNDE5YS1hODg1LWIwMzQ3ZjQ5MDliMTt0ZW5hbnRJZD1jMjJjYzNlMS01ZDdmLTRmNGQtYmUwMy1kNWExNThjYzk0MDk=",
            "object_id": "b983c7fb-75b6-4d88-8433-c153f63ddb21",
            "subscription_id": "4ed8121b-0bf0-419a-a885-b0347f4909b1",
            "tenant_id": "c22cc3e1-5d7f-4f4d-be03-d5a158cc9409",
            "timeouts": null
          },
          "sensitive_attributes": []
        }
      ]
    },
    {
      "module": "module.sql",
      "mode": "data",
      "type": "azurerm_subnet",
      "name": "sql_subnet",
      "provider": "module.sql.provider[\"registry.terraform.io/hashicorp/azurerm\"]",
      "instances": [
        {
          "schema_version": 0,
          "attributes": {
            "address_prefix": "10.13.1.0/24",
            "address_prefixes": [
              "10.13.1.0/24"
            ],
            "default_outbound_access_enabled": true,
            "id": "/subscriptions/4ed8121b-0bf0-419a-a885-b0347f4909b1/resourceGroups/pipeline-test/providers/Microsoft.Network/virtualNetworks/vnet01/subnets/subnet_1",
            "name": "subnet_1",
            "network_security_group_id": "",
            "private_endpoint_network_policies": "Disabled",
            "private_link_service_network_policies_enabled": true,
            "resource_group_name": "pipeline-test",
            "route_table_id": "",
            "service_endpoints": [],
            "timeouts": null,
            "virtual_network_name": "vnet01"
          },
          "sensitive_attributes": []
        }
      ]
    },
    {
      "module": "module.sql.module.naming",
      "mode": "managed",
      "type": "random_string",
      "name": "first_letter",
      "provider": "provider[\"registry.terraform.io/hashicorp/random\"]",
      "instances": [
        {
          "schema_version": 2,
          "attributes": {
            "id": "r",
            "keepers": null,
            "length": 1,
            "lower": true,
            "min_lower": 0,
            "min_numeric": 0,
            "min_special": 0,
            "min_upper": 0,
            "number": false,
            "numeric": false,
            "override_special": null,
            "result": "r",
            "special": false,
            "upper": false
          },
          "sensitive_attributes": []
        }
      ]
    },
    {
      "module": "module.sql.module.naming",
      "mode": "managed",
      "type": "random_string",
      "name": "main",
      "provider": "provider[\"registry.terraform.io/hashicorp/random\"]",
      "instances": [
        {
          "schema_version": 2,
          "attributes": {
            "id": "m4cgj2gn72bgwd065hw9pzm2cylujujd4um2uk5sssa3u90zvt36hr428dyp",
            "keepers": null,
            "length": 60,
            "lower": true,
            "min_lower": 0,
            "min_numeric": 0,
            "min_special": 0,
            "min_upper": 0,
            "number": true,
            "numeric": true,
            "override_special": null,
            "result": "m4cgj2gn72bgwd065hw9pzm2cylujujd4um2uk5sssa3u90zvt36hr428dyp",
            "special": false,
            "upper": false
          },
          "sensitive_attributes": []
        }
      ]
    },
    {
      "module": "module.sql.module.sql_server",
      "mode": "managed",
      "type": "azurerm_mssql_server",
      "name": "this",
      "provider": "module.sql.provider[\"registry.terraform.io/hashicorp/azurerm\"]",
      "instances": [
        {
          "schema_version": 0,
          "attributes": {
            "administrator_login": "CloudSA1d2e0823",
            "administrator_login_password": null,
            "administrator_login_password_wo": null,
            "administrator_login_password_wo_version": 0,
            "azuread_administrator": [
              {
                "azuread_authentication_only": true,
                "login_username": "aclayto4",
                "object_id": "b983c7fb-75b6-4d88-8433-c153f63ddb21",
                "tenant_id": "c22cc3e1-5d7f-4f4d-be03-d5a158cc9409"
              }
            ],
            "connection_policy": "Default",
            "express_vulnerability_assessment_enabled": false,
            "fully_qualified_domain_name": "sqlaec-sql-server-01.database.windows.net",
            "id": "/subscriptions/4ed8121b-0bf0-419a-a885-b0347f4909b1/resourceGroups/pipeline-test/providers/Microsoft.Sql/servers/sqlaec-sql-server-01",
            "identity": [],
            "location": "uksouth",
            "minimum_tls_version": "1.2",
            "name": "sqlaec-sql-server-01",
            "outbound_network_restriction_enabled": false,
            "primary_user_assigned_identity_id": "",
            "public_network_access_enabled": false,
            "resource_group_name": "pipeline-test",
            "restorable_dropped_database_ids": [],
            "tags": {
              "billingcode": "807554",
              "billingcontact": "martin.ohr@networkrail.co.uk",
              "billingowner": "martin.ohr@networkrail.co.uk",
              "comment": "sandbox area for andy clayton",
              "department": "rsit",
              "environment": "dev",
              "managementgroup": "mg-sandbox",
              "tagging": "inherited from subscription",
              "technicalcontact": "andrew.clayton@networkrail.co.uk"
            },
            "timeouts": null,
            "transparent_data_encryption_key_vault_key_id": "",
            "version": "12.0"
          },
          "sensitive_attributes": [
            [
              {
                "type": "get_attr",
                "value": "administrator_login_password_wo"
              }
            ],
            [
              {
                "type": "get_attr",
                "value": "administrator_login_password"
              }
            ]
          ],
          "private": "eyJlMmJmYjczMC1lY2FhLTExZTYtOGY4OC0zNDM2M2JjN2M0YzAiOnsiY3JlYXRlIjozNjAwMDAwMDAwMDAwLCJkZWxldGUiOjM2MDAwMDAwMDAwMDAsInJlYWQiOjMwMDAwMDAwMDAwMCwidXBkYXRlIjozNjAwMDAwMDAwMDAwfX0=",
          "dependencies": [
            "module.naming.random_string.first_letter",
            "module.naming.random_string.main",
            "module.sql.data.azurerm_client_config.current"
          ]
        }
      ]
    },
    {
      "module": "module.sql.module.sql_server",
      "mode": "managed",
      "type": "azurerm_private_endpoint",
      "name": "this",
      "provider": "module.sql.provider[\"registry.terraform.io/hashicorp/azurerm\"]",
      "instances": [
        {
          "index_key": "primary",
          "schema_version": 0,
          "attributes": {
            "custom_dns_configs": [
              {
                "fqdn": "sqlaec-sql-server-01.database.windows.net",
                "ip_addresses": [
                  "10.13.1.4"
                ]
              }
            ],
            "custom_network_interface_name": "",
            "id": "/subscriptions/4ed8121b-0bf0-419a-a885-b0347f4909b1/resourceGroups/pipeline-test/providers/Microsoft.Network/privateEndpoints/sql-private-endpoint",
            "ip_configuration": [],
            "location": "uksouth",
            "name": "sql-private-endpoint",
            "network_interface": [
              {
                "id": "/subscriptions/4ed8121b-0bf0-419a-a885-b0347f4909b1/resourceGroups/pipeline-test/providers/Microsoft.Network/networkInterfaces/sql-private-endpoint.nic.bffad131-24ba-428d-a311-1ceab2e0e6ee",
                "name": "sql-private-endpoint.nic.bffad131-24ba-428d-a311-1ceab2e0e6ee"
              }
            ],
            "private_dns_zone_configs": [],
            "private_dns_zone_group": [],
            "private_service_connection": [
              {
                "is_manual_connection": false,
                "name": "pse-sqlaec-sql-server-01",
                "private_connection_resource_alias": "",
                "private_connection_resource_id": "/subscriptions/4ed8121b-0bf0-419a-a885-b0347f4909b1/resourceGroups/pipeline-test/providers/Microsoft.Sql/servers/sqlaec-sql-server-01",
                "private_ip_address": "10.13.1.4",
                "request_message": "",
                "subresource_names": [
                  "sqlServer"
                ]
              }
            ],
            "resource_group_name": "pipeline-test",
            "subnet_id": "/subscriptions/4ed8121b-0bf0-419a-a885-b0347f4909b1/resourceGroups/pipeline-test/providers/Microsoft.Network/virtualNetworks/vnet01/subnets/subnet_1",
            "tags": {
              "billingcode": "807554",
              "billingcontact": "martin.ohr@networkrail.co.uk",
              "billingowner": "martin.ohr@networkrail.co.uk",
              "comment": "sandbox area for andy clayton",
              "department": "rsit",
              "environment": "dev",
              "managementgroup": "mg-sandbox",
              "tagging": "inherited from subscription",
              "technicalcontact": "andrew.clayton@networkrail.co.uk"
            },
            "timeouts": null
          },
          "sensitive_attributes": [],
          "private": "eyJlMmJmYjczMC1lY2FhLTExZTYtOGY4OC0zNDM2M2JjN2M0YzAiOnsiY3JlYXRlIjozNjAwMDAwMDAwMDAwLCJkZWxldGUiOjM2MDAwMDAwMDAwMDAsInJlYWQiOjMwMDAwMDAwMDAwMCwidXBkYXRlIjozNjAwMDAwMDAwMDAwfX0=",
          "dependencies": [
            "module.naming.random_string.first_letter",
            "module.naming.random_string.main",
            "module.sql.data.azurerm_client_config.current",
            "module.sql.data.azurerm_subnet.sql_subnet",
            "module.sql.module.sql_server.azurerm_mssql_server.this"
          ]
        }
      ]
    },
    {
      "module": "module.sql.module.sql_server.module.database[\"example_database\"]",
      "mode": "managed",
      "type": "azurerm_mssql_database",
      "name": "this",
      "provider": "module.sql.provider[\"registry.terraform.io/hashicorp/azurerm\"]",
      "instances": [
        {
          "schema_version": 1,
          "attributes": {
            "auto_pause_delay_in_minutes": -1,
            "collation": "SQL_Latin1_General_CP1_CI_AS",
            "create_mode": "Default",
            "creation_source_database_id": null,
            "elastic_pool_id": "",
            "enclave_type": "",
            "geo_backup_enabled": true,
            "id": "/subscriptions/4ed8121b-0bf0-419a-a885-b0347f4909b1/resourceGroups/pipeline-test/providers/Microsoft.Sql/servers/sqlaec-sql-server-01/databases/example-database",
            "identity": [],
            "import": [],
            "ledger_enabled": false,
            "license_type": "",
            "long_term_retention_policy": [
              {
                "immutable_backups_enabled": false,
                "monthly_retention": "PT0S",
                "week_of_year": 1,
                "weekly_retention": "PT0S",
                "yearly_retention": "PT0S"
              }
            ],
            "maintenance_configuration_name": "SQL_Default",
            "max_size_gb": 50,
            "min_capacity": 0.5,
            "name": "example-database",
            "read_replica_count": 0,
            "read_scale": false,
            "recover_database_id": null,
            "recovery_point_id": null,
            "restore_dropped_database_id": null,
            "restore_long_term_retention_backup_id": null,
            "restore_point_in_time": null,
            "sample_name": null,
            "secondary_type": "",
            "server_id": "/subscriptions/4ed8121b-0bf0-419a-a885-b0347f4909b1/resourceGroups/pipeline-test/providers/Microsoft.Sql/servers/sqlaec-sql-server-01",
            "short_term_retention_policy": [
              {
                "backup_interval_in_hours": 12,
                "retention_days": 7
              }
            ],
            "sku_name": "GP_S_Gen5_2",
            "storage_account_type": "Geo",
            "tags": null,
            "threat_detection_policy": [
              {
                "disabled_alerts": [],
                "email_account_admins": "Disabled",
                "email_addresses": [],
                "retention_days": 0,
                "state": "Disabled",
                "storage_account_access_key": "",
                "storage_endpoint": ""
              }
            ],
            "timeouts": null,
            "transparent_data_encryption_enabled": true,
            "transparent_data_encryption_key_automatic_rotation_enabled": false,
            "transparent_data_encryption_key_vault_key_id": "",
            "zone_redundant": true
          },
          "sensitive_attributes": [
            [
              {
                "type": "get_attr",
                "value": "threat_detection_policy"
              },
              {
                "type": "index",
                "value": {
                  "value": 0,
                  "type": "number"
                }
              },
              {
                "type": "get_attr",
                "value": "storage_account_access_key"
              }
            ]
          ],
          "private": "eyJlMmJmYjczMC1lY2FhLTExZTYtOGY4OC0zNDM2M2JjN2M0YzAiOnsiY3JlYXRlIjozNjAwMDAwMDAwMDAwLCJkZWxldGUiOjM2MDAwMDAwMDAwMDAsInJlYWQiOjMwMDAwMDAwMDAwMCwidXBkYXRlIjozNjAwMDAwMDAwMDAwfSwic2NoZW1hX3ZlcnNpb24iOiIxIn0=",
          "dependencies": [
            "module.naming.random_string.first_letter",
            "module.naming.random_string.main",
            "module.sql.data.azurerm_client_config.current",
            "module.sql.module.sql_server.azurerm_mssql_server.this",
            "module.sql.module.sql_server.module.elasticpool.azurerm_management_lock.this",
            "module.sql.module.sql_server.module.elasticpool.azurerm_monitor_diagnostic_setting.this",
            "module.sql.module.sql_server.module.elasticpool.azurerm_mssql_elasticpool.this",
            "module.sql.module.sql_server.module.elasticpool.azurerm_role_assignment.this"
          ]
        }
      ]
    }
  ],
  "check_results": [
    {
      "object_kind": "var",
      "config_addr": "module.sql.module.sql_server.module.elasticpool.var.per_database_settings",
      "status": "pass",
      "objects": null
    },
    {
      "object_kind": "var",
      "config_addr": "module.sql.module.sql_server.module.elasticpool.var.diagnostic_settings",
      "status": "pass",
      "objects": null
    },
    {
      "object_kind": "var",
      "config_addr": "module.sql.module.sql_server.module.database.var.lock",
      "status": "pass",
      "objects": [
        {
          "object_addr": "module.sql.module.sql_server.module.database[\"example_database\"].var.lock",
          "status": "pass"
        }
      ]
    },
    {
      "object_kind": "var",
      "config_addr": "module.sql.module.sql_server.var.name",
      "status": "pass",
      "objects": [
        {
          "object_addr": "module.sql.module.sql_server.var.name",
          "status": "pass"
        }
      ]
    },
    {
      "object_kind": "var",
      "config_addr": "module.sql.module.sql_server.module.database.var.maintenance_configuration_name",
      "status": "pass",
      "objects": [
        {
          "object_addr": "module.sql.module.sql_server.module.database[\"example_database\"].var.maintenance_configuration_name",
          "status": "pass"
        }
      ]
    },
    {
      "object_kind": "var",
      "config_addr": "module.sql.module.sql_server.module.elasticpool.var.sku",
      "status": "pass",
      "objects": null
    },
    {
      "object_kind": "var",
      "config_addr": "module.sql.module.sql_server.module.elasticpool.var.lock",
      "status": "pass",
      "objects": null
    },
    {
      "object_kind": "resource",
      "config_addr": "module.sql.module.sql_server.module.database.azurerm_mssql_database.this",
      "status": "pass",
      "objects": [
        {
          "object_addr": "module.sql.module.sql_server.module.database[\"example_database\"].azurerm_mssql_database.this",
          "status": "pass"
        }
      ]
    },
    {
      "object_kind": "var",
      "config_addr": "module.sql.module.sql_server.module.database.var.diagnostic_settings",
      "status": "pass",
      "objects": [
        {
          "object_addr": "module.sql.module.sql_server.module.database[\"example_database\"].var.diagnostic_settings",
          "status": "pass"
        }
      ]
    },
    {
      "object_kind": "var",
      "config_addr": "module.sql.module.sql_server.var.lock",
      "status": "pass",
      "objects": [
        {
          "object_addr": "module.sql.module.sql_server.var.lock",
          "status": "pass"
        }
      ]
    },
    {
      "object_kind": "var",
      "config_addr": "module.sql.module.sql_server.var.diagnostic_settings",
      "status": "pass",
      "objects": [
        {
          "object_addr": "module.sql.module.sql_server.var.diagnostic_settings",
          "status": "pass"
        }
      ]
    },
    {
      "object_kind": "var",
      "config_addr": "module.sql.module.sql_server.module.elasticpool.var.maintenance_configuration_name",
      "status": "pass",
      "objects": null
    },
    {
      "object_kind": "var",
      "config_addr": "module.sql.module.sql_server.module.elasticpool.var.license_type",
      "status": "pass",
      "objects": null
    },
    {
      "object_kind": "var",
      "config_addr": "module.sql.module.sql_server.module.database.var.create_mode",
      "status": "pass",
      "objects": [
        {
          "object_addr": "module.sql.module.sql_server.module.database[\"example_database\"].var.create_mode",
          "status": "pass"
        }
      ]
    }
  ]
}
